
Microsoft Visual Studio Solution File, Format Version 12.00
# Visual Studio 15
Project("{FAE04EC0-301F-11D3-BF4B-00C04F79EFBC}") = "Unity.Timeline", "Unity.Timeline.csproj", "{A15542D1-06B1-DD7F-8185-15FB1CB350E1}"
EndProject
Project("{FAE04EC0-301F-11D3-BF4B-00C04F79EFBC}") = "Unity.Timeline.Editor", "Unity.Timeline.Editor.csproj", "{ED97FB34-6E1A-62D3-BB43-5C4EBE22D1BF}"
EndProject
Project("{FAE04EC0-301F-11D3-BF4B-00C04F79EFBC}") = "Unity.TextMeshPro.Editor", "Unity.TextMeshPro.Editor.csproj", "{D4584492-E092-A554-3675-B6D9324000F8}"
EndProject
Project("{FAE04EC0-301F-11D3-BF4B-00C04F79EFBC}") = "Unity.InputSystem", "Unity.InputSystem.csproj", "{94BCF1F8-B1A6-7622-9355-C3F90422B2E0}"
EndProject
Project("{FAE04EC0-301F-11D3-BF4B-00C04F79EFBC}") = "Unity.VisualScripting.Flow", "Unity.VisualScripting.Flow.csproj", "{39D628E4-25FD-652E-A036-59F5F39ADAEB}"
EndProject
Project("{FAE04EC0-301F-11D3-BF4B-00C04F79EFBC}") = "Unity.PlasticSCM.Editor", "Unity.PlasticSCM.Editor.csproj", "{3019846A-506B-FC7B-A21F-FBA626AFEA26}"
EndProject
Project("{FAE04EC0-301F-11D3-BF4B-00C04F79EFBC}") = "Unity.VisualScripting.Core", "Unity.VisualScripting.Core.csproj", "{F7D06453-70A9-3445-6F2C-B8DD398A0972}"
EndProject
Project("{FAE04EC0-301F-11D3-BF4B-00C04F79EFBC}") = "Unity.VisualScripting.Core.Editor", "Unity.VisualScripting.Core.Editor.csproj", "{2D61AA95-AF4B-6970-140A-4F181ACE4970}"
EndProject
Project("{FAE04EC0-301F-11D3-BF4B-00C04F79EFBC}") = "Unity.VisualScripting.Flow.Editor", "Unity.VisualScripting.Flow.Editor.csproj", "{EDB6B936-2358-E60B-7E65-0514AAB3B2CC}"
EndProject
Project("{FAE04EC0-301F-11D3-BF4B-00C04F79EFBC}") = "UnityEditor.TestRunner", "UnityEditor.TestRunner.csproj", "{18B7038F-C43B-465A-4D1C-AC67EDF5CEFC}"
EndProject
Project("{FAE04EC0-301F-11D3-BF4B-00C04F79EFBC}") = "Unity.VisualScripting.SettingsProvider.Editor", "Unity.VisualScripting.SettingsProvider.Editor.csproj", "{2EEC7F77-6C2D-70E5-E784-44BA6DD2B5C8}"
EndProject
Project("{FAE04EC0-301F-11D3-BF4B-00C04F79EFBC}") = "UnityEngine.TestRunner", "UnityEngine.TestRunner.csproj", "{556A0108-7E9B-9BEB-C619-E5EB187A1B21}"
EndProject
Project("{FAE04EC0-301F-11D3-BF4B-00C04F79EFBC}") = "Unity.VisualStudio.Editor", "Unity.VisualStudio.Editor.csproj", "{73E4FE9C-84A7-56A6-69CC-D93E61447D64}"
EndProject
Project("{FAE04EC0-301F-11D3-BF4B-00C04F79EFBC}") = "Unity.TestTools.CodeCoverage.Editor.OpenCover.Model", "Unity.TestTools.CodeCoverage.Editor.OpenCover.Model.csproj", "{E7D2DB4C-37C3-9308-D559-D4FA0272B5D5}"
EndProject
Project("{FAE04EC0-301F-11D3-BF4B-00C04F79EFBC}") = "Unity.Rider.Editor", "Unity.Rider.Editor.csproj", "{954822FB-A83A-BC05-A350-C2A81243D596}"
EndProject
Project("{FAE04EC0-301F-11D3-BF4B-00C04F79EFBC}") = "Unity.VisualScripting.State.Editor", "Unity.VisualScripting.State.Editor.csproj", "{DB48A82A-27E4-4816-0049-D1353E399742}"
EndProject
Project("{FAE04EC0-301F-11D3-BF4B-00C04F79EFBC}") = "Unity.TestTools.CodeCoverage.Editor", "Unity.TestTools.CodeCoverage.Editor.csproj", "{7036A095-E371-A1BB-4A71-CA0D7A6736BD}"
EndProject
Project("{FAE04EC0-301F-11D3-BF4B-00C04F79EFBC}") = "Unity.VisualScripting.State", "Unity.VisualScripting.State.csproj", "{29A07CD3-5EED-D68C-DFEE-F3C94A8F2237}"
EndProject
Project("{FAE04EC0-301F-11D3-BF4B-00C04F79EFBC}") = "Unity.TextMeshPro", "Unity.TextMeshPro.csproj", "{8AF6EA5A-E08E-12F4-F5B4-26CADD2627CC}"
EndProject
Project("{FAE04EC0-301F-11D3-BF4B-00C04F79EFBC}") = "Unity.Performance.Profile-Analyzer.Editor", "Unity.Performance.Profile-Analyzer.Editor.csproj", "{441E39DC-D5E7-E57A-1A15-21F9DDB27E3D}"
EndProject
Project("{FAE04EC0-301F-11D3-BF4B-00C04F79EFBC}") = "Unity.InputSystem.TestFramework", "Unity.InputSystem.TestFramework.csproj", "{00050D9F-8648-8939-C3B5-AF024351A34E}"
EndProject
Project("{FAE04EC0-301F-11D3-BF4B-00C04F79EFBC}") = "Unity.VSCode.Editor", "Unity.VSCode.Editor.csproj", "{9790DDA2-75C1-71FA-A36B-37607FB23515}"
EndProject
Project("{FAE04EC0-301F-11D3-BF4B-00C04F79EFBC}") = "Unity.TestTools.CodeCoverage.Editor.OpenCover.Mono.Reflection", "Unity.TestTools.CodeCoverage.Editor.OpenCover.Mono.Reflection.csproj", "{6E5260A8-6E36-1772-B265-B13DC3E98755}"
EndProject
Project("{FAE04EC0-301F-11D3-BF4B-00C04F79EFBC}") = "Unity.Settings.Editor", "Unity.Settings.Editor.csproj", "{3F948F17-65FC-DF7F-95D5-D64654EFF13F}"
EndProject
Project("{FAE04EC0-301F-11D3-BF4B-00C04F79EFBC}") = "Unity.InputSystem.ForUI", "Unity.InputSystem.ForUI.csproj", "{53EF3932-E8D3-A90A-D67B-704F9BFCBCB7}"
EndProject
Project("{FAE04EC0-301F-11D3-BF4B-00C04F79EFBC}") = "Unity.EditorCoroutines.Editor", "Unity.EditorCoroutines.Editor.csproj", "{EAA30254-21F9-C92F-3AB7-E93C58862B77}"
EndProject
Project("{FAE04EC0-301F-11D3-BF4B-00C04F79EFBC}") = "Assembly-CSharp", "Assembly-CSharp.csproj", "{E928AEDA-25EE-19DE-3E06-68A48BED826F}"
EndProject
Project("{FAE04EC0-301F-11D3-BF4B-00C04F79EFBC}") = "Unity.VisualScripting.Shared.Editor", "Unity.VisualScripting.Shared.Editor.csproj", "{758D1BD6-1FE3-1EB8-C04F-EF8841CC6EE7}"
EndProject
Project("{FAE04EC0-301F-11D3-BF4B-00C04F79EFBC}") = "Unity.CollabProxy.Editor", "Unity.CollabProxy.Editor.csproj", "{699405AA-C98B-246C-D237-9C36FB55BEC6}"
EndProject
Global
	GlobalSection(SolutionConfigurationPlatforms) = preSolution
		Debug|Any CPU = Debug|Any CPU
		Release|Any CPU = Release|Any CPU
	EndGlobalSection
	GlobalSection(ProjectConfigurationPlatforms) = postSolution
		{A15542D1-06B1-DD7F-8185-15FB1CB350E1}.Debug|Any CPU.ActiveCfg = Debug|Any CPU
		{A15542D1-06B1-DD7F-8185-15FB1CB350E1}.Debug|Any CPU.Build.0 = Debug|Any CPU
		{A15542D1-06B1-DD7F-8185-15FB1CB350E1}.Release|Any CPU.ActiveCfg = Release|Any CPU
		{A15542D1-06B1-DD7F-8185-15FB1CB350E1}.Release|Any CPU.Build.0 = Release|Any CPU
		{ED97FB34-6E1A-62D3-BB43-5C4EBE22D1BF}.Debug|Any CPU.ActiveCfg = Debug|Any CPU
		{ED97FB34-6E1A-62D3-BB43-5C4EBE22D1BF}.Debug|Any CPU.Build.0 = Debug|Any CPU
		{ED97FB34-6E1A-62D3-BB43-5C4EBE22D1BF}.Release|Any CPU.ActiveCfg = Release|Any CPU
		{ED97FB34-6E1A-62D3-BB43-5C4EBE22D1BF}.Release|Any CPU.Build.0 = Release|Any CPU
		{D4584492-E092-A554-3675-B6D9324000F8}.Debug|Any CPU.ActiveCfg = Debug|Any CPU
		{D4584492-E092-A554-3675-B6D9324000F8}.Debug|Any CPU.Build.0 = Debug|Any CPU
		{D4584492-E092-A554-3675-B6D9324000F8}.Release|Any CPU.ActiveCfg = Release|Any CPU
		{D4584492-E092-A554-3675-B6D9324000F8}.Release|Any CPU.Build.0 = Release|Any CPU
		{94BCF1F8-B1A6-7622-9355-C3F90422B2E0}.Debug|Any CPU.ActiveCfg = Debug|Any CPU
		{94BCF1F8-B1A6-7622-9355-C3F90422B2E0}.Debug|Any CPU.Build.0 = Debug|Any CPU
		{94BCF1F8-B1A6-7622-9355-C3F90422B2E0}.Release|Any CPU.ActiveCfg = Release|Any CPU
		{94BCF1F8-B1A6-7622-9355-C3F90422B2E0}.Release|Any CPU.Build.0 = Release|Any CPU
		{39D628E4-25FD-652E-A036-59F5F39ADAEB}.Debug|Any CPU.ActiveCfg = Debug|Any CPU
		{39D628E4-25FD-652E-A036-59F5F39ADAEB}.Debug|Any CPU.Build.0 = Debug|Any CPU
		{39D628E4-25FD-652E-A036-59F5F39ADAEB}.Release|Any CPU.ActiveCfg = Release|Any CPU
		{39D628E4-25FD-652E-A036-59F5F39ADAEB}.Release|Any CPU.Build.0 = Release|Any CPU
		{3019846A-506B-FC7B-A21F-FBA626AFEA26}.Debug|Any CPU.ActiveCfg = Debug|Any CPU
		{3019846A-506B-FC7B-A21F-FBA626AFEA26}.Debug|Any CPU.Build.0 = Debug|Any CPU
		{3019846A-506B-FC7B-A21F-FBA626AFEA26}.Release|Any CPU.ActiveCfg = Release|Any CPU
		{3019846A-506B-FC7B-A21F-FBA626AFEA26}.Release|Any CPU.Build.0 = Release|Any CPU
		{F7D06453-70A9-3445-6F2C-B8DD398A0972}.Debug|Any CPU.ActiveCfg = Debug|Any CPU
		{F7D06453-70A9-3445-6F2C-B8DD398A0972}.Debug|Any CPU.Build.0 = Debug|Any CPU
		{F7D06453-70A9-3445-6F2C-B8DD398A0972}.Release|Any CPU.ActiveCfg = Release|Any CPU
		{F7D06453-70A9-3445-6F2C-B8DD398A0972}.Release|Any CPU.Build.0 = Release|Any CPU
		{2D61AA95-AF4B-6970-140A-4F181ACE4970}.Debug|Any CPU.ActiveCfg = Debug|Any CPU
		{2D61AA95-AF4B-6970-140A-4F181ACE4970}.Debug|Any CPU.Build.0 = Debug|Any CPU
		{2D61AA95-AF4B-6970-140A-4F181ACE4970}.Release|Any CPU.ActiveCfg = Release|Any CPU
		{2D61AA95-AF4B-6970-140A-4F181ACE4970}.Release|Any CPU.Build.0 = Release|Any CPU
		{EDB6B936-2358-E60B-7E65-0514AAB3B2CC}.Debug|Any CPU.ActiveCfg = Debug|Any CPU
		{EDB6B936-2358-E60B-7E65-0514AAB3B2CC}.Debug|Any CPU.Build.0 = Debug|Any CPU
		{EDB6B936-2358-E60B-7E65-0514AAB3B2CC}.Release|Any CPU.ActiveCfg = Release|Any CPU
		{EDB6B936-2358-E60B-7E65-0514AAB3B2CC}.Release|Any CPU.Build.0 = Release|Any CPU
		{18B7038F-C43B-465A-4D1C-AC67EDF5CEFC}.Debug|Any CPU.ActiveCfg = Debug|Any CPU
		{18B7038F-C43B-465A-4D1C-AC67EDF5CEFC}.Debug|Any CPU.Build.0 = Debug|Any CPU
		{18B7038F-C43B-465A-4D1C-AC67EDF5CEFC}.Release|Any CPU.ActiveCfg = Release|Any CPU
		{18B7038F-C43B-465A-4D1C-AC67EDF5CEFC}.Release|Any CPU.Build.0 = Release|Any CPU
		{2EEC7F77-6C2D-70E5-E784-44BA6DD2B5C8}.Debug|Any CPU.ActiveCfg = Debug|Any CPU
		{2EEC7F77-6C2D-70E5-E784-44BA6DD2B5C8}.Debug|Any CPU.Build.0 = Debug|Any CPU
		{2EEC7F77-6C2D-70E5-E784-44BA6DD2B5C8}.Release|Any CPU.ActiveCfg = Release|Any CPU
		{2EEC7F77-6C2D-70E5-E784-44BA6DD2B5C8}.Release|Any CPU.Build.0 = Release|Any CPU
		{556A0108-7E9B-9BEB-C619-E5EB187A1B21}.Debug|Any CPU.ActiveCfg = Debug|Any CPU
		{556A0108-7E9B-9BEB-C619-E5EB187A1B21}.Debug|Any CPU.Build.0 = Debug|Any CPU
		{556A0108-7E9B-9BEB-C619-E5EB187A1B21}.Release|Any CPU.ActiveCfg = Release|Any CPU
		{556A0108-7E9B-9BEB-C619-E5EB187A1B21}.Release|Any CPU.Build.0 = Release|Any CPU
		{73E4FE9C-84A7-56A6-69CC-D93E61447D64}.Debug|Any CPU.ActiveCfg = Debug|Any CPU
		{73E4FE9C-84A7-56A6-69CC-D93E61447D64}.Debug|Any CPU.Build.0 = Debug|Any CPU
		{73E4FE9C-84A7-56A6-69CC-D93E61447D64}.Release|Any CPU.ActiveCfg = Release|Any CPU
		{73E4FE9C-84A7-56A6-69CC-D93E61447D64}.Release|Any CPU.Build.0 = Release|Any CPU
		{E7D2DB4C-37C3-9308-D559-D4FA0272B5D5}.Debug|Any CPU.ActiveCfg = Debug|Any CPU
		{E7D2DB4C-37C3-9308-D559-D4FA0272B5D5}.Debug|Any CPU.Build.0 = Debug|Any CPU
		{E7D2DB4C-37C3-9308-D559-D4FA0272B5D5}.Release|Any CPU.ActiveCfg = Release|Any CPU
		{E7D2DB4C-37C3-9308-D559-D4FA0272B5D5}.Release|Any CPU.Build.0 = Release|Any CPU
		{954822FB-A83A-BC05-A350-C2A81243D596}.Debug|Any CPU.ActiveCfg = Debug|Any CPU
		{954822FB-A83A-BC05-A350-C2A81243D596}.Debug|Any CPU.Build.0 = Debug|Any CPU
		{954822FB-A83A-BC05-A350-C2A81243D596}.Release|Any CPU.ActiveCfg = Release|Any CPU
		{954822FB-A83A-BC05-A350-C2A81243D596}.Release|Any CPU.Build.0 = Release|Any CPU
		{DB48A82A-27E4-4816-0049-D1353E399742}.Debug|Any CPU.ActiveCfg = Debug|Any CPU
		{DB48A82A-27E4-4816-0049-D1353E399742}.Debug|Any CPU.Build.0 = Debug|Any CPU
		{DB48A82A-27E4-4816-0049-D1353E399742}.Release|Any CPU.ActiveCfg = Release|Any CPU
		{DB48A82A-27E4-4816-0049-D1353E399742}.Release|Any CPU.Build.0 = Release|Any CPU
		{7036A095-E371-A1BB-4A71-CA0D7A6736BD}.Debug|Any CPU.ActiveCfg = Debug|Any CPU
		{7036A095-E371-A1BB-4A71-CA0D7A6736BD}.Debug|Any CPU.Build.0 = Debug|Any CPU
		{7036A095-E371-A1BB-4A71-CA0D7A6736BD}.Release|Any CPU.ActiveCfg = Release|Any CPU
		{7036A095-E371-A1BB-4A71-CA0D7A6736BD}.Release|Any CPU.Build.0 = Release|Any CPU
		{29A07CD3-5EED-D68C-DFEE-F3C94A8F2237}.Debug|Any CPU.ActiveCfg = Debug|Any CPU
		{29A07CD3-5EED-D68C-DFEE-F3C94A8F2237}.Debug|Any CPU.Build.0 = Debug|Any CPU
		{29A07CD3-5EED-D68C-DFEE-F3C94A8F2237}.Release|Any CPU.ActiveCfg = Release|Any CPU
		{29A07CD3-5EED-D68C-DFEE-F3C94A8F2237}.Release|Any CPU.Build.0 = Release|Any CPU
		{8AF6EA5A-E08E-12F4-F5B4-26CADD2627CC}.Debug|Any CPU.ActiveCfg = Debug|Any CPU
		{8AF6EA5A-E08E-12F4-F5B4-26CADD2627CC}.Debug|Any CPU.Build.0 = Debug|Any CPU
		{8AF6EA5A-E08E-12F4-F5B4-26CADD2627CC}.Release|Any CPU.ActiveCfg = Release|Any CPU
		{8AF6EA5A-E08E-12F4-F5B4-26CADD2627CC}.Release|Any CPU.Build.0 = Release|Any CPU
		{441E39DC-D5E7-E57A-1A15-21F9DDB27E3D}.Debug|Any CPU.ActiveCfg = Debug|Any CPU
		{441E39DC-D5E7-E57A-1A15-21F9DDB27E3D}.Debug|Any CPU.Build.0 = Debug|Any CPU
		{441E39DC-D5E7-E57A-1A15-21F9DDB27E3D}.Release|Any CPU.ActiveCfg = Release|Any CPU
		{441E39DC-D5E7-E57A-1A15-21F9DDB27E3D}.Release|Any CPU.Build.0 = Release|Any CPU
		{00050D9F-8648-8939-C3B5-AF024351A34E}.Debug|Any CPU.ActiveCfg = Debug|Any CPU
		{00050D9F-8648-8939-C3B5-AF024351A34E}.Debug|Any CPU.Build.0 = Debug|Any CPU
		{00050D9F-8648-8939-C3B5-AF024351A34E}.Release|Any CPU.ActiveCfg = Release|Any CPU
		{00050D9F-8648-8939-C3B5-AF024351A34E}.Release|Any CPU.Build.0 = Release|Any CPU
		{9790DDA2-75C1-71FA-A36B-37607FB23515}.Debug|Any CPU.ActiveCfg = Debug|Any CPU
		{9790DDA2-75C1-71FA-A36B-37607FB23515}.Debug|Any CPU.Build.0 = Debug|Any CPU
		{9790DDA2-75C1-71FA-A36B-37607FB23515}.Release|Any CPU.ActiveCfg = Release|Any CPU
		{9790DDA2-75C1-71FA-A36B-37607FB23515}.Release|Any CPU.Build.0 = Release|Any CPU
		{6E5260A8-6E36-1772-B265-B13DC3E98755}.Debug|Any CPU.ActiveCfg = Debug|Any CPU
		{6E5260A8-6E36-1772-B265-B13DC3E98755}.Debug|Any CPU.Build.0 = Debug|Any CPU
		{6E5260A8-6E36-1772-B265-B13DC3E98755}.Release|Any CPU.ActiveCfg = Release|Any CPU
		{6E5260A8-6E36-1772-B265-B13DC3E98755}.Release|Any CPU.Build.0 = Release|Any CPU
		{3F948F17-65FC-DF7F-95D5-D64654EFF13F}.Debug|Any CPU.ActiveCfg = Debug|Any CPU
		{3F948F17-65FC-DF7F-95D5-D64654EFF13F}.Debug|Any CPU.Build.0 = Debug|Any CPU
		{3F948F17-65FC-DF7F-95D5-D64654EFF13F}.Release|Any CPU.ActiveCfg = Release|Any CPU
		{3F948F17-65FC-DF7F-95D5-D64654EFF13F}.Release|Any CPU.Build.0 = Release|Any CPU
		{53EF3932-E8D3-A90A-D67B-704F9BFCBCB7}.Debug|Any CPU.ActiveCfg = Debug|Any CPU
		{53EF3932-E8D3-A90A-D67B-704F9BFCBCB7}.Debug|Any CPU.Build.0 = Debug|Any CPU
		{53EF3932-E8D3-A90A-D67B-704F9BFCBCB7}.Release|Any CPU.ActiveCfg = Release|Any CPU
		{53EF3932-E8D3-A90A-D67B-704F9BFCBCB7}.Release|Any CPU.Build.0 = Release|Any CPU
		{EAA30254-21F9-C92F-3AB7-E93C58862B77}.Debug|Any CPU.ActiveCfg = Debug|Any CPU
		{EAA30254-21F9-C92F-3AB7-E93C58862B77}.Debug|Any CPU.Build.0 = Debug|Any CPU
		{EAA30254-21F9-C92F-3AB7-E93C58862B77}.Release|Any CPU.ActiveCfg = Release|Any CPU
		{EAA30254-21F9-C92F-3AB7-E93C58862B77}.Release|Any CPU.Build.0 = Release|Any CPU
		{E928AEDA-25EE-19DE-3E06-68A48BED826F}.Debug|Any CPU.ActiveCfg = Debug|Any CPU
		{E928AEDA-25EE-19DE-3E06-68A48BED826F}.Debug|Any CPU.Build.0 = Debug|Any CPU
		{E928AEDA-25EE-19DE-3E06-68A48BED826F}.Release|Any CPU.ActiveCfg = Release|Any CPU
		{E928AEDA-25EE-19DE-3E06-68A48BED826F}.Release|Any CPU.Build.0 = Release|Any CPU
		{758D1BD6-1FE3-1EB8-C04F-EF8841CC6EE7}.Debug|Any CPU.ActiveCfg = Debug|Any CPU
		{758D1BD6-1FE3-1EB8-C04F-EF8841CC6EE7}.Debug|Any CPU.Build.0 = Debug|Any CPU
		{758D1BD6-1FE3-1EB8-C04F-EF8841CC6EE7}.Release|Any CPU.ActiveCfg = Release|Any CPU
		{758D1BD6-1FE3-1EB8-C04F-EF8841CC6EE7}.Release|Any CPU.Build.0 = Release|Any CPU
		{699405AA-C98B-246C-D237-9C36FB55BEC6}.Debug|Any CPU.ActiveCfg = Debug|Any CPU
		{699405AA-C98B-246C-D237-9C36FB55BEC6}.Debug|Any CPU.Build.0 = Debug|Any CPU
		{699405AA-C98B-246C-D237-9C36FB55BEC6}.Release|Any CPU.ActiveCfg = Release|Any CPU
		{699405AA-C98B-246C-D237-9C36FB55BEC6}.Release|Any CPU.Build.0 = Release|Any CPU
	EndGlobalSection
	GlobalSection(SolutionProperties) = preSolution
		HideSolutionNode = FALSE
	EndGlobalSection
EndGlobal
